<?xml version="1.0" encoding="utf-8"?>
<Project ToolsVersion="4.0" xmlns="http://schemas.microsoft.com/developer/msbuild/2003">
  <ItemGroup>
    <Filter Include="源文件">
      <UniqueIdentifier>{4FC737F1-C7A5-4376-A066-2A32D752A2FF}</UniqueIdentifier>
      <Extensions>cpp;c;cc;cxx;c++;cppm;ixx;def;odl;idl;hpj;bat;asm;asmx</Extensions>
    </Filter>
    <Filter Include="头文件">
      <UniqueIdentifier>{93995380-89BD-4b04-88EB-625FBE52EBFB}</UniqueIdentifier>
      <Extensions>h;hh;hpp;hxx;h++;hm;inl;inc;ipp;xsd</Extensions>
    </Filter>
    <Filter Include="资源文件">
      <UniqueIdentifier>{67DA6AB6-F800-4c08-8B7A-83BB121AAD01}</UniqueIdentifier>
      <Extensions>rc;ico;cur;bmp;dlg;rc2;rct;bin;rgs;gif;jpg;jpeg;jpe;resx;tiff;tif;png;wav;mfcribbon-ms</Extensions>
    </Filter>
    <Filter Include="utils">
      <UniqueIdentifier>{3640a53c-301d-4281-af1c-4caa92e89b4f}</UniqueIdentifier>
    </Filter>
  </ItemGroup>
  <ItemGroup>
    <ClCompile Include="utils\utils.cpp">
      <Filter>utils</Filter>
    </ClCompile>
    <ClCompile Include="utils\yolo.cpp">
      <Filter>utils</Filter>
    </ClCompile>
    <ClCompile Include="yolov8\app_yolov8.cpp">
      <Filter>源文件</Filter>
    </ClCompile>
    <ClCompile Include="yolov8\yolov8.cpp">
      <Filter>源文件</Filter>
    </ClCompile>
    <ClCompile Include="yolov8\logger.cpp">
      <Filter>资源文件</Filter>
    </ClCompile>
  </ItemGroup>
  <ItemGroup>
    <ClInclude Include="utils\common_include.h">
      <Filter>utils</Filter>
    </ClInclude>
    <ClInclude Include="utils\utils.h">
      <Filter>utils</Filter>
    </ClInclude>
    <ClInclude Include="utils\yolo.h">
      <Filter>utils</Filter>
    </ClInclude>
    <ClInclude Include="yolov8\yolov8.h">
      <Filter>源文件</Filter>
    </ClInclude>
  </ItemGroup>
  <ItemGroup>
    <CudaCompile Include="utils\kernel_function.cu">
      <Filter>utils</Filter>
    </CudaCompile>
    <CudaCompile Include="yolov8\decode_yolov8.cu">
      <Filter>源文件</Filter>
    </CudaCompile>
    <CudaCompile Include="yolov8\decode_yolov8.h">
      <Filter>源文件</Filter>
    </CudaCompile>
    <CudaCompile Include="utils\kernel_function.h">
      <Filter>头文件</Filter>
    </CudaCompile>
  </ItemGroup>
  <ItemGroup>
    <Text Include="CMakeLists.txt">
      <Filter>源文件</Filter>
    </Text>
  </ItemGroup>
</Project>